// !$*UTF8*$!
{
	archiveVersion = 1;
	classes = {
	};
	objectVersion = 46;
	objects = {

/* Begin PBXBuildFile section */
		696004911821A00300CD6831 /* batch.c in Sources */ = {isa = PBXBuildFile; fileRef = 6960045D1821A00300CD6831 /* batch.c */; };
		696004921821A00300CD6831 /* cell.c in Sources */ = {isa = PBXBuildFile; fileRef = 6960045F1821A00300CD6831 /* cell.c */; };
		696004931821A00300CD6831 /* cuts.c in Sources */ = {isa = PBXBuildFile; fileRef = 696004611821A00300CD6831 /* cuts.c */; };
		696004941821A00300CD6831 /* delta.c in Sources */ = {isa = PBXBuildFile; fileRef = 696004631821A00300CD6831 /* delta.c */; };
		696004951821A00300CD6831 /* improve.c in Sources */ = {isa = PBXBuildFile; fileRef = 696004651821A00300CD6831 /* improve.c */; };
		696004961821A00300CD6831 /* input.c in Sources */ = {isa = PBXBuildFile; fileRef = 696004671821A00300CD6831 /* input.c */; };
		696004971821A00300CD6831 /* lambda.c in Sources */ = {isa = PBXBuildFile; fileRef = 696004691821A00300CD6831 /* lambda.c */; };
		696004981821A00300CD6831 /* log.c in Sources */ = {isa = PBXBuildFile; fileRef = 6960046B1821A00300CD6831 /* log.c */; };
		696004991821A00300CD6831 /* master.c in Sources */ = {isa = PBXBuildFile; fileRef = 6960046D1821A00300CD6831 /* master.c */; };
		6960049A1821A00300CD6831 /* memory.c in Sources */ = {isa = PBXBuildFile; fileRef = 6960046F1821A00300CD6831 /* memory.c */; };
		6960049B1821A00300CD6831 /* omega.c in Sources */ = {isa = PBXBuildFile; fileRef = 696004711821A00300CD6831 /* omega.c */; };
		6960049C1821A00300CD6831 /* optimal.c in Sources */ = {isa = PBXBuildFile; fileRef = 696004731821A00300CD6831 /* optimal.c */; };
		6960049D1821A00300CD6831 /* parser.c in Sources */ = {isa = PBXBuildFile; fileRef = 696004751821A00300CD6831 /* parser.c */; };
		6960049E1821A00300CD6831 /* prob.c in Sources */ = {isa = PBXBuildFile; fileRef = 696004771821A00300CD6831 /* prob.c */; };
		6960049F1821A00300CD6831 /* quad.c in Sources */ = {isa = PBXBuildFile; fileRef = 696004791821A00300CD6831 /* quad.c */; };
		696004A01821A00300CD6831 /* rvgen.c in Sources */ = {isa = PBXBuildFile; fileRef = 6960047B1821A00300CD6831 /* rvgen.c */; };
		696004A11821A00300CD6831 /* sd.c in Sources */ = {isa = PBXBuildFile; fileRef = 6960047D1821A00300CD6831 /* sd.c */; };
		696004A21821A00300CD6831 /* sigma.c in Sources */ = {isa = PBXBuildFile; fileRef = 696004801821A00300CD6831 /* sigma.c */; };
		696004A31821A00300CD6831 /* soln.c in Sources */ = {isa = PBXBuildFile; fileRef = 696004821821A00300CD6831 /* soln.c */; };
		696004A41821A00300CD6831 /* solverc.c in Sources */ = {isa = PBXBuildFile; fileRef = 696004851821A00300CD6831 /* solverc.c */; };
		696004A61821A00300CD6831 /* subprob.c in Sources */ = {isa = PBXBuildFile; fileRef = 696004871821A00300CD6831 /* subprob.c */; };
		696004A71821A00300CD6831 /* supomega.c in Sources */ = {isa = PBXBuildFile; fileRef = 696004891821A00300CD6831 /* supomega.c */; };
		696004A81821A00300CD6831 /* testout.c in Sources */ = {isa = PBXBuildFile; fileRef = 6960048B1821A00300CD6831 /* testout.c */; };
		696004A91821A00300CD6831 /* theta.c in Sources */ = {isa = PBXBuildFile; fileRef = 6960048D1821A00300CD6831 /* theta.c */; };
		696004AA1821A00300CD6831 /* utility.c in Sources */ = {isa = PBXBuildFile; fileRef = 6960048F1821A00300CD6831 /* utility.c */; };
		696004AC1821A04200CD6831 /* CoreFoundation.framework in Frameworks */ = {isa = PBXBuildFile; fileRef = 696004AB1821A04200CD6831 /* CoreFoundation.framework */; };
		696004AE1821A04800CD6831 /* IOKit.framework in Frameworks */ = {isa = PBXBuildFile; fileRef = 696004AD1821A04800CD6831 /* IOKit.framework */; };
		698318A618EA86F900B2EB86 /* libcplex.a in Frameworks */ = {isa = PBXBuildFile; fileRef = 698318A518EA86F900B2EB86 /* libcplex.a */; };
		69A2FEC618A20EE600997825 /* resumeb.c in Sources */ = {isa = PBXBuildFile; fileRef = 69A2FEC518A20EE600997825 /* resumeb.c */; };
/* End PBXBuildFile section */

/* Begin PBXCopyFilesBuildPhase section */
		6960044F18219FE900CD6831 /* CopyFiles */ = {
			isa = PBXCopyFilesBuildPhase;
			buildActionMask = 2147483647;
			dstPath = /usr/share/man/man1/;
			dstSubfolderSpec = 0;
			files = (
			);
			runOnlyForDeploymentPostprocessing = 1;
		};
/* End PBXCopyFilesBuildPhase section */

/* Begin PBXFileReference section */
		695D165C1883B4CE0037891D /* resume.c */ = {isa = PBXFileReference; fileEncoding = 4; lastKnownFileType = sourcecode.c.c; path = resume.c; sourceTree = "<group>"; };
		695D165E1883B57F0037891D /* resume.h */ = {isa = PBXFileReference; lastKnownFileType = sourcecode.c.h; path = resume.h; sourceTree = "<group>"; };
		6960045118219FE900CD6831 /* sdlb */ = {isa = PBXFileReference; explicitFileType = "compiled.mach-o.executable"; includeInIndex = 0; path = sdlb; sourceTree = BUILT_PRODUCTS_DIR; };
		6960045D1821A00300CD6831 /* batch.c */ = {isa = PBXFileReference; fileEncoding = 4; lastKnownFileType = sourcecode.c.c; path = batch.c; sourceTree = "<group>"; };
		6960045E1821A00300CD6831 /* batch.h */ = {isa = PBXFileReference; fileEncoding = 4; lastKnownFileType = sourcecode.c.h; path = batch.h; sourceTree = "<group>"; };
		6960045F1821A00300CD6831 /* cell.c */ = {isa = PBXFileReference; fileEncoding = 4; lastKnownFileType = sourcecode.c.c; path = cell.c; sourceTree = "<group>"; };
		696004601821A00300CD6831 /* cell.h */ = {isa = PBXFileReference; fileEncoding = 4; lastKnownFileType = sourcecode.c.h; path = cell.h; sourceTree = "<group>"; };
		696004611821A00300CD6831 /* cuts.c */ = {isa = PBXFileReference; fileEncoding = 4; lastKnownFileType = sourcecode.c.c; path = cuts.c; sourceTree = "<group>"; };
		696004621821A00300CD6831 /* cuts.h */ = {isa = PBXFileReference; fileEncoding = 4; lastKnownFileType = sourcecode.c.h; path = cuts.h; sourceTree = "<group>"; };
		696004631821A00300CD6831 /* delta.c */ = {isa = PBXFileReference; fileEncoding = 4; lastKnownFileType = sourcecode.c.c; path = delta.c; sourceTree = "<group>"; };
		696004641821A00300CD6831 /* delta.h */ = {isa = PBXFileReference; fileEncoding = 4; lastKnownFileType = sourcecode.c.h; path = delta.h; sourceTree = "<group>"; };
		696004651821A00300CD6831 /* improve.c */ = {isa = PBXFileReference; fileEncoding = 4; lastKnownFileType = sourcecode.c.c; path = improve.c; sourceTree = "<group>"; };
		696004661821A00300CD6831 /* improve.h */ = {isa = PBXFileReference; fileEncoding = 4; lastKnownFileType = sourcecode.c.h; path = improve.h; sourceTree = "<group>"; };
		696004671821A00300CD6831 /* input.c */ = {isa = PBXFileReference; fileEncoding = 4; lastKnownFileType = sourcecode.c.c; path = input.c; sourceTree = "<group>"; };
		696004681821A00300CD6831 /* input.h */ = {isa = PBXFileReference; fileEncoding = 4; lastKnownFileType = sourcecode.c.h; path = input.h; sourceTree = "<group>"; };
		696004691821A00300CD6831 /* lambda.c */ = {isa = PBXFileReference; fileEncoding = 4; lastKnownFileType = sourcecode.c.c; path = lambda.c; sourceTree = "<group>"; };
		6960046A1821A00300CD6831 /* lambda.h */ = {isa = PBXFileReference; fileEncoding = 4; lastKnownFileType = sourcecode.c.h; path = lambda.h; sourceTree = "<group>"; };
		6960046B1821A00300CD6831 /* log.c */ = {isa = PBXFileReference; fileEncoding = 4; lastKnownFileType = sourcecode.c.c; path = log.c; sourceTree = "<group>"; };
		6960046C1821A00300CD6831 /* log.h */ = {isa = PBXFileReference; fileEncoding = 4; lastKnownFileType = sourcecode.c.h; path = log.h; sourceTree = "<group>"; };
		6960046D1821A00300CD6831 /* master.c */ = {isa = PBXFileReference; fileEncoding = 4; lastKnownFileType = sourcecode.c.c; path = master.c; sourceTree = "<group>"; };
		6960046E1821A00300CD6831 /* master.h */ = {isa = PBXFileReference; fileEncoding = 4; lastKnownFileType = sourcecode.c.h; path = master.h; sourceTree = "<group>"; };
		6960046F1821A00300CD6831 /* memory.c */ = {isa = PBXFileReference; fileEncoding = 4; lastKnownFileType = sourcecode.c.c; path = memory.c; sourceTree = "<group>"; };
		696004701821A00300CD6831 /* memory.h */ = {isa = PBXFileReference; fileEncoding = 4; lastKnownFileType = sourcecode.c.h; path = memory.h; sourceTree = "<group>"; };
		696004711821A00300CD6831 /* omega.c */ = {isa = PBXFileReference; fileEncoding = 4; lastKnownFileType = sourcecode.c.c; path = omega.c; sourceTree = "<group>"; };
		696004721821A00300CD6831 /* omega.h */ = {isa = PBXFileReference; fileEncoding = 4; lastKnownFileType = sourcecode.c.h; path = omega.h; sourceTree = "<group>"; };
		696004731821A00300CD6831 /* optimal.c */ = {isa = PBXFileReference; fileEncoding = 4; lastKnownFileType = sourcecode.c.c; path = optimal.c; sourceTree = "<group>"; };
		696004741821A00300CD6831 /* optimal.h */ = {isa = PBXFileReference; fileEncoding = 4; lastKnownFileType = sourcecode.c.h; path = optimal.h; sourceTree = "<group>"; };
		696004751821A00300CD6831 /* parser.c */ = {isa = PBXFileReference; fileEncoding = 4; lastKnownFileType = sourcecode.c.c; path = parser.c; sourceTree = "<group>"; };
		696004761821A00300CD6831 /* parser.h */ = {isa = PBXFileReference; fileEncoding = 4; lastKnownFileType = sourcecode.c.h; path = parser.h; sourceTree = "<group>"; };
		696004771821A00300CD6831 /* prob.c */ = {isa = PBXFileReference; fileEncoding = 4; lastKnownFileType = sourcecode.c.c; path = prob.c; sourceTree = "<group>"; };
		696004781821A00300CD6831 /* prob.h */ = {isa = PBXFileReference; fileEncoding = 4; lastKnownFileType = sourcecode.c.h; path = prob.h; sourceTree = "<group>"; };
		696004791821A00300CD6831 /* quad.c */ = {isa = PBXFileReference; fileEncoding = 4; lastKnownFileType = sourcecode.c.c; path = quad.c; sourceTree = "<group>"; };
		6960047A1821A00300CD6831 /* quad.h */ = {isa = PBXFileReference; fileEncoding = 4; lastKnownFileType = sourcecode.c.h; path = quad.h; sourceTree = "<group>"; };
		6960047B1821A00300CD6831 /* rvgen.c */ = {isa = PBXFileReference; fileEncoding = 4; lastKnownFileType = sourcecode.c.c; path = rvgen.c; sourceTree = "<group>"; };
		6960047C1821A00300CD6831 /* rvgen.h */ = {isa = PBXFileReference; fileEncoding = 4; lastKnownFileType = sourcecode.c.h; path = rvgen.h; sourceTree = "<group>"; };
		6960047D1821A00300CD6831 /* sd.c */ = {isa = PBXFileReference; fileEncoding = 4; lastKnownFileType = sourcecode.c.c; path = sd.c; sourceTree = "<group>"; };
		6960047E1821A00300CD6831 /* sdconstants.h */ = {isa = PBXFileReference; fileEncoding = 4; lastKnownFileType = sourcecode.c.h; path = sdconstants.h; sourceTree = "<group>"; };
		6960047F1821A00300CD6831 /* sdglobal.h */ = {isa = PBXFileReference; fileEncoding = 4; lastKnownFileType = sourcecode.c.h; path = sdglobal.h; sourceTree = "<group>"; };
		696004801821A00300CD6831 /* sigma.c */ = {isa = PBXFileReference; fileEncoding = 4; lastKnownFileType = sourcecode.c.c; path = sigma.c; sourceTree = "<group>"; };
		696004811821A00300CD6831 /* sigma.h */ = {isa = PBXFileReference; fileEncoding = 4; lastKnownFileType = sourcecode.c.h; path = sigma.h; sourceTree = "<group>"; };
		696004821821A00300CD6831 /* soln.c */ = {isa = PBXFileReference; fileEncoding = 4; lastKnownFileType = sourcecode.c.c; path = soln.c; sourceTree = "<group>"; };
		696004831821A00300CD6831 /* soln.h */ = {isa = PBXFileReference; fileEncoding = 4; lastKnownFileType = sourcecode.c.h; path = soln.h; sourceTree = "<group>"; };
		696004841821A00300CD6831 /* solver.h */ = {isa = PBXFileReference; fileEncoding = 4; lastKnownFileType = sourcecode.c.h; path = solver.h; sourceTree = "<group>"; };
		696004851821A00300CD6831 /* solverc.c */ = {isa = PBXFileReference; fileEncoding = 4; lastKnownFileType = sourcecode.c.c; path = solverc.c; sourceTree = "<group>"; };
		696004861821A00300CD6831 /* solverg.c */ = {isa = PBXFileReference; fileEncoding = 4; lastKnownFileType = sourcecode.c.c; path = solverg.c; sourceTree = "<group>"; };
		696004871821A00300CD6831 /* subprob.c */ = {isa = PBXFileReference; fileEncoding = 4; lastKnownFileType = sourcecode.c.c; path = subprob.c; sourceTree = "<group>"; };
		696004881821A00300CD6831 /* subprob.h */ = {isa = PBXFileReference; fileEncoding = 4; lastKnownFileType = sourcecode.c.h; path = subprob.h; sourceTree = "<group>"; };
		696004891821A00300CD6831 /* supomega.c */ = {isa = PBXFileReference; fileEncoding = 4; lastKnownFileType = sourcecode.c.c; path = supomega.c; sourceTree = "<group>"; };
		6960048A1821A00300CD6831 /* supomega.h */ = {isa = PBXFileReference; fileEncoding = 4; lastKnownFileType = sourcecode.c.h; path = supomega.h; sourceTree = "<group>"; };
		6960048B1821A00300CD6831 /* testout.c */ = {isa = PBXFileReference; fileEncoding = 4; lastKnownFileType = sourcecode.c.c; path = testout.c; sourceTree = "<group>"; };
		6960048C1821A00300CD6831 /* testout.h */ = {isa = PBXFileReference; fileEncoding = 4; lastKnownFileType = sourcecode.c.h; path = testout.h; sourceTree = "<group>"; };
		6960048D1821A00300CD6831 /* theta.c */ = {isa = PBXFileReference; fileEncoding = 4; lastKnownFileType = sourcecode.c.c; path = theta.c; sourceTree = "<group>"; };
		6960048E1821A00300CD6831 /* theta.h */ = {isa = PBXFileReference; fileEncoding = 4; lastKnownFileType = sourcecode.c.h; path = theta.h; sourceTree = "<group>"; };
		6960048F1821A00300CD6831 /* utility.c */ = {isa = PBXFileReference; fileEncoding = 4; lastKnownFileType = sourcecode.c.c; path = utility.c; sourceTree = "<group>"; };
		696004901821A00300CD6831 /* utility.h */ = {isa = PBXFileReference; fileEncoding = 4; lastKnownFileType = sourcecode.c.h; path = utility.h; sourceTree = "<group>"; };
		696004AB1821A04200CD6831 /* CoreFoundation.framework */ = {isa = PBXFileReference; lastKnownFileType = wrapper.framework; name = CoreFoundation.framework; path = System/Library/Frameworks/CoreFoundation.framework; sourceTree = SDKROOT; };
		696004AD1821A04800CD6831 /* IOKit.framework */ = {isa = PBXFileReference; lastKnownFileType = wrapper.framework; name = IOKit.framework; path = System/Library/Frameworks/IOKit.framework; sourceTree = SDKROOT; };
		696004B41821A2EA00CD6831 /* config.sd */ = {isa = PBXFileReference; lastKnownFileType = text; name = config.sd; path = "../../../../Library/Developer/Xcode/DerivedData/sdlb-aqzmdecdolvenjbvdyqijfayklfa/Build/Products/Debug/config.sd"; sourceTree = "<group>"; };
		698318A518EA86F900B2EB86 /* libcplex.a */ = {isa = PBXFileReference; lastKnownFileType = archive.ar; name = libcplex.a; path = "../../../../Applications/IBM/ILOG/CPLEX_Studio126/cplex/lib/x86-64_osx/static_pic/libcplex.a"; sourceTree = "<group>"; };
		69A2FEC518A20EE600997825 /* resumeb.c */ = {isa = PBXFileReference; fileEncoding = 4; lastKnownFileType = sourcecode.c.c; path = resumeb.c; sourceTree = "<group>"; };
		69A2FEC718A20F2500997825 /* resumeb.h */ = {isa = PBXFileReference; lastKnownFileType = sourcecode.c.h; path = resumeb.h; sourceTree = "<group>"; };
/* End PBXFileReference section */

/* Begin PBXFrameworksBuildPhase section */
		6960044E18219FE900CD6831 /* Frameworks */ = {
			isa = PBXFrameworksBuildPhase;
			buildActionMask = 2147483647;
			files = (
				698318A618EA86F900B2EB86 /* libcplex.a in Frameworks */,
				696004AE1821A04800CD6831 /* IOKit.framework in Frameworks */,
				696004AC1821A04200CD6831 /* CoreFoundation.framework in Frameworks */,
			);
			runOnlyForDeploymentPostprocessing = 0;
		};
/* End PBXFrameworksBuildPhase section */

/* Begin PBXGroup section */
		6960044818219FE900CD6831 = {
			isa = PBXGroup;
			children = (
				696004B11821A06C00CD6831 /* Framework */,
				6960045318219FE900CD6831 /* sdlb */,
				696004B41821A2EA00CD6831 /* config.sd */,
				6960045218219FE900CD6831 /* Products */,
			);
			sourceTree = "<group>";
		};
		6960045218219FE900CD6831 /* Products */ = {
			isa = PBXGroup;
			children = (
				6960045118219FE900CD6831 /* sdlb */,
			);
			name = Products;
			sourceTree = "<group>";
		};
		6960045318219FE900CD6831 /* sdlb */ = {
			isa = PBXGroup;
			children = (
				6960045D1821A00300CD6831 /* batch.c */,
				6960045F1821A00300CD6831 /* cell.c */,
				696004611821A00300CD6831 /* cuts.c */,
				696004631821A00300CD6831 /* delta.c */,
				696004651821A00300CD6831 /* improve.c */,
				696004671821A00300CD6831 /* input.c */,
				696004691821A00300CD6831 /* lambda.c */,
				6960046B1821A00300CD6831 /* log.c */,
				6960046D1821A00300CD6831 /* master.c */,
				6960046F1821A00300CD6831 /* memory.c */,
				696004711821A00300CD6831 /* omega.c */,
				696004731821A00300CD6831 /* optimal.c */,
				696004751821A00300CD6831 /* parser.c */,
				696004771821A00300CD6831 /* prob.c */,
				696004791821A00300CD6831 /* quad.c */,
				6960047B1821A00300CD6831 /* rvgen.c */,
				6960047D1821A00300CD6831 /* sd.c */,
				696004801821A00300CD6831 /* sigma.c */,
				696004821821A00300CD6831 /* soln.c */,
				696004851821A00300CD6831 /* solverc.c */,
				696004861821A00300CD6831 /* solverg.c */,
				696004871821A00300CD6831 /* subprob.c */,
				696004891821A00300CD6831 /* supomega.c */,
				6960048B1821A00300CD6831 /* testout.c */,
				6960048D1821A00300CD6831 /* theta.c */,
				6960048F1821A00300CD6831 /* utility.c */,
				6960045E1821A00300CD6831 /* batch.h */,
				696004601821A00300CD6831 /* cell.h */,
				696004621821A00300CD6831 /* cuts.h */,
				696004641821A00300CD6831 /* delta.h */,
				696004661821A00300CD6831 /* improve.h */,
				696004681821A00300CD6831 /* input.h */,
				6960046A1821A00300CD6831 /* lambda.h */,
				6960046C1821A00300CD6831 /* log.h */,
				6960046E1821A00300CD6831 /* master.h */,
				696004701821A00300CD6831 /* memory.h */,
				696004721821A00300CD6831 /* omega.h */,
				696004741821A00300CD6831 /* optimal.h */,
				696004761821A00300CD6831 /* parser.h */,
				696004781821A00300CD6831 /* prob.h */,
				6960047A1821A00300CD6831 /* quad.h */,
				6960047C1821A00300CD6831 /* rvgen.h */,
				6960047E1821A00300CD6831 /* sdconstants.h */,
				6960047F1821A00300CD6831 /* sdglobal.h */,
				696004811821A00300CD6831 /* sigma.h */,
				696004831821A00300CD6831 /* soln.h */,
				696004841821A00300CD6831 /* solver.h */,
				696004881821A00300CD6831 /* subprob.h */,
				6960048A1821A00300CD6831 /* supomega.h */,
				6960048C1821A00300CD6831 /* testout.h */,
				6960048E1821A00300CD6831 /* theta.h */,
				696004901821A00300CD6831 /* utility.h */,
				695D165C1883B4CE0037891D /* resume.c */,
				695D165E1883B57F0037891D /* resume.h */,
				69A2FEC518A20EE600997825 /* resumeb.c */,
				69A2FEC718A20F2500997825 /* resumeb.h */,
			);
			path = sdlb;
			sourceTree = "<group>";
		};
		696004B11821A06C00CD6831 /* Framework */ = {
			isa = PBXGroup;
			children = (
				698318A518EA86F900B2EB86 /* libcplex.a */,
				696004AD1821A04800CD6831 /* IOKit.framework */,
				696004AB1821A04200CD6831 /* CoreFoundation.framework */,
			);
			name = Framework;
			sourceTree = "<group>";
		};
/* End PBXGroup section */

/* Begin PBXNativeTarget section */
		6960045018219FE900CD6831 /* sdlb */ = {
			isa = PBXNativeTarget;
			buildConfigurationList = 6960045A18219FE900CD6831 /* Build configuration list for PBXNativeTarget "sdlb" */;
			buildPhases = (
				6960044D18219FE900CD6831 /* Sources */,
				6960044E18219FE900CD6831 /* Frameworks */,
				6960044F18219FE900CD6831 /* CopyFiles */,
			);
			buildRules = (
			);
			dependencies = (
			);
			name = sdlb;
			productName = sdlb;
			productReference = 6960045118219FE900CD6831 /* sdlb */;
			productType = "com.apple.product-type.tool";
		};
/* End PBXNativeTarget section */

/* Begin PBXProject section */
		6960044918219FE900CD6831 /* Project object */ = {
			isa = PBXProject;
			attributes = {
				LastUpgradeCheck = 0500;
				ORGANIZATIONNAME = "Yifan Liu";
			};
			buildConfigurationList = 6960044C18219FE900CD6831 /* Build configuration list for PBXProject "sdlb" */;
			compatibilityVersion = "Xcode 3.2";
			developmentRegion = English;
			hasScannedForEncodings = 0;
			knownRegions = (
				en,
			);
			mainGroup = 6960044818219FE900CD6831;
			productRefGroup = 6960045218219FE900CD6831 /* Products */;
			projectDirPath = "";
			projectRoot = "";
			targets = (
				6960045018219FE900CD6831 /* sdlb */,
			);
		};
/* End PBXProject section */

/* Begin PBXSourcesBuildPhase section */
		6960044D18219FE900CD6831 /* Sources */ = {
			isa = PBXSourcesBuildPhase;
			buildActionMask = 2147483647;
			files = (
				6960049E1821A00300CD6831 /* prob.c in Sources */,
				69A2FEC618A20EE600997825 /* resumeb.c in Sources */,
				6960049D1821A00300CD6831 /* parser.c in Sources */,
				696004A21821A00300CD6831 /* sigma.c in Sources */,
				6960049F1821A00300CD6831 /* quad.c in Sources */,
				696004A91821A00300CD6831 /* theta.c in Sources */,
				696004981821A00300CD6831 /* log.c in Sources */,
				696004A11821A00300CD6831 /* sd.c in Sources */,
				696004911821A00300CD6831 /* batch.c in Sources */,
				696004A41821A00300CD6831 /* solverc.c in Sources */,
				696004A61821A00300CD6831 /* subprob.c in Sources */,
				696004961821A00300CD6831 /* input.c in Sources */,
				696004991821A00300CD6831 /* master.c in Sources */,
				6960049C1821A00300CD6831 /* optimal.c in Sources */,
				696004A71821A00300CD6831 /* supomega.c in Sources */,
				696004971821A00300CD6831 /* lambda.c in Sources */,
				696004A81821A00300CD6831 /* testout.c in Sources */,
				696004951821A00300CD6831 /* improve.c in Sources */,
				696004931821A00300CD6831 /* cuts.c in Sources */,
				6960049A1821A00300CD6831 /* memory.c in Sources */,
				696004A31821A00300CD6831 /* soln.c in Sources */,
				6960049B1821A00300CD6831 /* omega.c in Sources */,
				696004941821A00300CD6831 /* delta.c in Sources */,
				696004AA1821A00300CD6831 /* utility.c in Sources */,
				696004921821A00300CD6831 /* cell.c in Sources */,
				696004A01821A00300CD6831 /* rvgen.c in Sources */,
			);
			runOnlyForDeploymentPostprocessing = 0;
		};
/* End PBXSourcesBuildPhase section */

/* Begin XCBuildConfiguration section */
		6960045818219FE900CD6831 /* Debug */ = {
			isa = XCBuildConfiguration;
			buildSettings = {
				ALWAYS_SEARCH_USER_PATHS = NO;
				CLANG_CXX_LANGUAGE_STANDARD = "gnu++0x";
				CLANG_CXX_LIBRARY = "libc++";
				CLANG_ENABLE_OBJC_ARC = YES;
				CLANG_WARN_BOOL_CONVERSION = YES;
				CLANG_WARN_CONSTANT_CONVERSION = YES;
				CLANG_WARN_DIRECT_OBJC_ISA_USAGE = YES_ERROR;
				CLANG_WARN_EMPTY_BODY = YES;
				CLANG_WARN_ENUM_CONVERSION = YES;
				CLANG_WARN_INT_CONVERSION = YES;
				CLANG_WARN_OBJC_ROOT_CLASS = YES_ERROR;
				CLANG_WARN__DUPLICATE_METHOD_MATCH = YES;
				COPY_PHASE_STRIP = NO;
				GCC_C_LANGUAGE_STANDARD = gnu99;
				GCC_DYNAMIC_NO_PIC = NO;
				GCC_ENABLE_OBJC_EXCEPTIONS = YES;
				GCC_OPTIMIZATION_LEVEL = 0;
				GCC_PREPROCESSOR_DEFINITIONS = (
					"DEBUG=1",
					"$(inherited)",
				);
				GCC_SYMBOLS_PRIVATE_EXTERN = NO;
				GCC_WARN_64_TO_32_BIT_CONVERSION = YES;
				GCC_WARN_ABOUT_RETURN_TYPE = YES_ERROR;
				GCC_WARN_UNDECLARED_SELECTOR = YES;
				GCC_WARN_UNINITIALIZED_AUTOS = YES;
				GCC_WARN_UNUSED_FUNCTION = YES;
				GCC_WARN_UNUSED_VARIABLE = YES;
				MACOSX_DEPLOYMENT_TARGET = 10.9;
				ONLY_ACTIVE_ARCH = YES;
				SDKROOT = macosx;
			};
			name = Debug;
		};
		6960045918219FE900CD6831 /* Release */ = {
			isa = XCBuildConfiguration;
			buildSettings = {
				ALWAYS_SEARCH_USER_PATHS = NO;
				CLANG_CXX_LANGUAGE_STANDARD = "gnu++0x";
				CLANG_CXX_LIBRARY = "libc++";
				CLANG_ENABLE_OBJC_ARC = YES;
				CLANG_WARN_BOOL_CONVERSION = YES;
				CLANG_WARN_CONSTANT_CONVERSION = YES;
				CLANG_WARN_DIRECT_OBJC_ISA_USAGE = YES_ERROR;
				CLANG_WARN_EMPTY_BODY = YES;
				CLANG_WARN_ENUM_CONVERSION = YES;
				CLANG_WARN_INT_CONVERSION = YES;
				CLANG_WARN_OBJC_ROOT_CLASS = YES_ERROR;
				CLANG_WARN__DUPLICATE_METHOD_MATCH = YES;
				COPY_PHASE_STRIP = YES;
				DEBUG_INFORMATION_FORMAT = "dwarf-with-dsym";
				ENABLE_NS_ASSERTIONS = NO;
				GCC_C_LANGUAGE_STANDARD = gnu99;
				GCC_ENABLE_OBJC_EXCEPTIONS = YES;
				GCC_WARN_64_TO_32_BIT_CONVERSION = YES;
				GCC_WARN_ABOUT_RETURN_TYPE = YES_ERROR;
				GCC_WARN_UNDECLARED_SELECTOR = YES;
				GCC_WARN_UNINITIALIZED_AUTOS = YES;
				GCC_WARN_UNUSED_FUNCTION = YES;
				GCC_WARN_UNUSED_VARIABLE = YES;
				MACOSX_DEPLOYMENT_TARGET = 10.9;
				SDKROOT = macosx;
			};
			name = Release;
		};
		6960045B18219FE900CD6831 /* Debug */ = {
			isa = XCBuildConfiguration;
			buildSettings = {
				CLANG_WARN_DOCUMENTATION_COMMENTS = NO;
				CLANG_WARN_IMPLICIT_SIGN_CONVERSION = NO;
				COMBINE_HIDPI_IMAGES = NO;
				GCC_C_LANGUAGE_STANDARD = c99;
				GCC_INPUT_FILETYPE = sourcecode.c.c;
				GCC_WARN_ABOUT_MISSING_FIELD_INITIALIZERS = YES;
				GCC_WARN_ABOUT_MISSING_PROTOTYPES = YES;
				GCC_WARN_FOUR_CHARACTER_CONSTANTS = YES;
				GCC_WARN_SHADOW = NO;
				GCC_WARN_UNINITIALIZED_AUTOS = YES;
				HEADER_SEARCH_PATHS = (
					"$(inherited)",
					/Applications/Xcode.app/Contents/Developer/Toolchains/XcodeDefault.xctoolchain/usr/include,
					/Users/yifanliu/Applications/IBM/ILOG/CPLEX_Studio126/cplex/include/ilcplex,
				);
				LIBRARY_SEARCH_PATHS = (
					"$(inherited)",
					"$(USER_APPS_DIR)/IBM/ILOG/CPLEX_Studio126/cplex/lib/x86-64_osx/static_pic",
				);
				OTHER_LDFLAGS = "-Wl,-no_compact_unwind";
				PRODUCT_NAME = "$(TARGET_NAME)";
			};
			name = Debug;
		};
		6960045C18219FE900CD6831 /* Release */ = {
			isa = XCBuildConfiguration;
			buildSettings = {
				CLANG_WARN_DOCUMENTATION_COMMENTS = NO;
				CLANG_WARN_IMPLICIT_SIGN_CONVERSION = NO;
				COMBINE_HIDPI_IMAGES = NO;
				GCC_C_LANGUAGE_STANDARD = c99;
				GCC_INPUT_FILETYPE = sourcecode.c.c;
				GCC_OPTIMIZATION_LEVEL = 0;
				GCC_WARN_ABOUT_MISSING_FIELD_INITIALIZERS = YES;
				GCC_WARN_ABOUT_MISSING_PROTOTYPES = YES;
				GCC_WARN_FOUR_CHARACTER_CONSTANTS = YES;
				GCC_WARN_SHADOW = NO;
				GCC_WARN_UNINITIALIZED_AUTOS = YES;
				HEADER_SEARCH_PATHS = (
					"$(inherited)",
					/Applications/Xcode.app/Contents/Developer/Toolchains/XcodeDefault.xctoolchain/usr/include,
					/Users/yifanliu/Applications/IBM/ILOG/CPLEX_Studio126/cplex/include/ilcplex,
				);
				LIBRARY_SEARCH_PATHS = (
					"$(inherited)",
					"$(USER_APPS_DIR)/IBM/ILOG/CPLEX_Studio126/cplex/lib/x86-64_osx/static_pic",
				);
				OTHER_LDFLAGS = "-Wl,-no_compact_unwind";
				PRODUCT_NAME = "$(TARGET_NAME)";
			};
			name = Release;
		};
/* End XCBuildConfiguration section */

/* Begin XCConfigurationList section */
		6960044C18219FE900CD6831 /* Build configuration list for PBXProject "sdlb" */ = {
			isa = XCConfigurationList;
			buildConfigurations = (
				6960045818219FE900CD6831 /* Debug */,
				6960045918219FE900CD6831 /* Release */,
			);
			defaultConfigurationIsVisible = 0;
			defaultConfigurationName = Release;
		};
		6960045A18219FE900CD6831 /* Build configuration list for PBXNativeTarget "sdlb" */ = {
			isa = XCConfigurationList;
			buildConfigurations = (
				6960045B18219FE900CD6831 /* Debug */,
				6960045C18219FE900CD6831 /* Release */,
			);
			defaultConfigurationIsVisible = 0;
			defaultConfigurationName = Release;
		};
/* End XCConfigurationList section */
	};
	rootObject = 6960044918219FE900CD6831 /* Project object */;
}
